{
  "name": "pos-system",
  "lockfileVersion": 3,
  "requires": true,
  "packages": {
    "": {
      "dependencies": {
        "qz-tray": "^2.2.3"
      }
    },
    "node_modules/qz-tray": {
      "version": "2.2.3",
      "resolved": "https://registry.npmjs.org/qz-tray/-/qz-tray-2.2.3.tgz",
      "integrity": "sha512-kvrka0l6Pls4grnfatKIp6OnJJNyQXrouy+/wXk04Zqz5oiKzTaiuM6v67hTFNeXC4bzUTyX1DoRJSon/M9rqQ=="
    }
  }
}
